PODS:
  - Alamofire (4.9.1)
  - Cosmos (23.0.0)
  - SDWebImage (5.11.1):
    - SDWebImage/Core (= 5.11.1)
  - SDWebImage/Core (5.11.1)

DEPENDENCIES:
  - Alamofire
  - Cosmos
  - SDWebImage

SPEC REPOS:
  trunk:
    - Alamofire
    - Cosmos
    - SDWebImage

SPEC CHECKSUMS:
  Alamofire: 85e8a02c69d6020a0d734f6054870d7ecb75cf18
  Cosmos: b5c6a9a637e28a061b54c8f8b1d8529d7d4db73f
  SDWebImage: a7f831e1a65eb5e285e3fb046a23fcfbf08e696d

PODFILE CHECKSUM: 64c99f53d8a554b5eec654a0b9dcfa03e5852170

COCOAPODS: 1.11.0.rc.1
